Microsoft Visual Studio Solution File, Format Version 12.00
# Visual Studio Version 17
VisualStudioVersion = 17.5.2.0
MinimumVisualStudioVersion = 10.0.40219.1
Project("{FAE04EC0-301F-11D3-BF4B-00C04F79EFBC}") = "CSE210", "CSE210.csproj", "{FDF24B83-6216-17F7-1E61-EE1B0D8134DC}"
EndProject
Global
	GlobalSection(SolutionConfigurationPlatforms) = preSolution
		Debug|Any CPU = Debug|Any CPU
		Release|Any CPU = Release|Any CPU
	EndGlobalSection
	GlobalSection(ProjectConfigurationPlatforms) = postSolution
		{FDF24B83-6216-17F7-1E61-EE1B0D8134DC}.Debug|Any CPU.ActiveCfg = Debug|Any CPU
		{FDF24B83-6216-17F7-1E61-EE1B0D8134DC}.Debug|Any CPU.Build.0 = Debug|Any CPU
		{FDF24B83-6216-17F7-1E61-EE1B0D8134DC}.Release|Any CPU.ActiveCfg = Release|Any CPU
		{FDF24B83-6216-17F7-1E61-EE1B0D8134DC}.Release|Any CPU.Build.0 = Release|Any CPU
	EndGlobalSection
	GlobalSection(SolutionProperties) = preSolution
		HideSolutionNode = FALSE
	EndGlobalSection
	GlobalSection(ExtensibilityGlobals) = postSolution
		SolutionGuid = {A66F45BE-6401-4A6B-84B0-BDD2868F9E69}
	EndGlobalSection
EndGlobal
